
Microsoft Visual Studio Solution File, Format Version 12.00
# Visual Studio Version 17
VisualStudioVersion = 17.14.36203.30 d17.14
MinimumVisualStudioVersion = 10.0.40219.1
Project("{FAE04EC0-301F-11D3-BF4B-00C04F79EFBC}") = "Hospital Management System", "Hospital Management System\Hospital Management System.csproj", "{55C005EC-1A62-414E-9040-43D76957F180}"
EndProject
Global
	GlobalSection(SolutionConfigurationPlatforms) = preSolution
		Debug|Any CPU = Debug|Any CPU
		Release|Any CPU = Release|Any CPU
	EndGlobalSection
	GlobalSection(ProjectConfigurationPlatforms) = postSolution
		{55C005EC-1A62-414E-9040-43D76957F180}.Debug|Any CPU.ActiveCfg = Debug|Any CPU
		{55C005EC-1A62-414E-9040-43D76957F180}.Debug|Any CPU.Build.0 = Debug|Any CPU
		{55C005EC-1A62-414E-9040-43D76957F180}.Release|Any CPU.ActiveCfg = Release|Any CPU
		{55C005EC-1A62-414E-9040-43D76957F180}.Release|Any CPU.Build.0 = Release|Any CPU
	EndGlobalSection
	GlobalSection(SolutionProperties) = preSolution
		HideSolutionNode = FALSE
	EndGlobalSection
	GlobalSection(ExtensibilityGlobals) = postSolution
		SolutionGuid = {A058D32A-C940-4575-9FB9-8A1E2B4A4755}
	EndGlobalSection
EndGlobal
